schema: '2.0'
stages:
  prepare:
    cmd: python src/prepare.py
    deps:
    - path: data/raw/data.csv
      hash: md5
      md5: 21d441a28bce4417276097df955afc50
      size: 2928
    - path: params.yaml
      hash: md5
      md5: 840b0200f6eff5f8d84309034fef6cc8
      size: 128
    - path: src/prepare.py
      hash: md5
      md5: 16988cfc240a77171d5880f0eeb9b657
      size: 866
    outs:
    - path: data/processed
      hash: md5
      md5: 35cb072e14ac39caa32bd5c36d4ca6a6.dir
      size: 3006
      nfiles: 2
  train:
    cmd: python src/train.py
    deps:
    - path: data/processed
      hash: md5
      md5: 35cb072e14ac39caa32bd5c36d4ca6a6.dir
      size: 3006
      nfiles: 2
    - path: params.yaml
      hash: md5
      md5: 840b0200f6eff5f8d84309034fef6cc8
      size: 128
    - path: src/train.py
      hash: md5
      md5: b144df6d6e6e0d37ef09016ad6ac6455
      size: 1418
    outs:
    - path: model.pkl
      hash: md5
      md5: a8aaba0bb31d349442d07fe54b982150
      size: 187217
